Microsoft Visual Studio Solution File, Format Version 11.00
# Visual Studio 2008

Project("{829852F1-9340-A98C-4CC8-520CAC7F5FDE}") = "Labyrint", "Assembly-CSharp-firstpass.csproj", "{5C1BD4EF-E819-D083-2465-07716AEF8116}"
EndProject
Project("{829852F1-9340-A98C-4CC8-520CAC7F5FDE}") = "Labyrint", "Assembly-CSharp.csproj", "{7345F8C1-C965-53B4-85E7-717D88C3645D}"
EndProject
Project("{829852F1-9340-A98C-4CC8-520CAC7F5FDE}") = "Labyrint", "Assembly-CSharp-Editor.csproj", "{88E3AC98-DE3E-3D95-5526-B49AC3ACDDBC}"
EndProject
Global
	GlobalSection(SolutionConfigurationPlatforms) = preSolution
		Debug|Any CPU = Debug|Any CPU
		Release|Any CPU = Release|Any CPU
	EndGlobalSection
	GlobalSection(ProjectConfigurationPlatforms) = postSolution
		{5C1BD4EF-E819-D083-2465-07716AEF8116}.Debug|Any CPU.ActiveCfg = Debug|Any CPU
		{5C1BD4EF-E819-D083-2465-07716AEF8116}.Debug|Any CPU.Build.0 = Debug|Any CPU
		{5C1BD4EF-E819-D083-2465-07716AEF8116}.Release|Any CPU.ActiveCfg = Release|Any CPU
		{5C1BD4EF-E819-D083-2465-07716AEF8116}.Release|Any CPU.Build.0 = Release|Any CPU
		{7345F8C1-C965-53B4-85E7-717D88C3645D}.Debug|Any CPU.ActiveCfg = Debug|Any CPU
		{7345F8C1-C965-53B4-85E7-717D88C3645D}.Debug|Any CPU.Build.0 = Debug|Any CPU
		{7345F8C1-C965-53B4-85E7-717D88C3645D}.Release|Any CPU.ActiveCfg = Release|Any CPU
		{7345F8C1-C965-53B4-85E7-717D88C3645D}.Release|Any CPU.Build.0 = Release|Any CPU
		{88E3AC98-DE3E-3D95-5526-B49AC3ACDDBC}.Debug|Any CPU.ActiveCfg = Debug|Any CPU
		{88E3AC98-DE3E-3D95-5526-B49AC3ACDDBC}.Debug|Any CPU.Build.0 = Debug|Any CPU
		{88E3AC98-DE3E-3D95-5526-B49AC3ACDDBC}.Release|Any CPU.ActiveCfg = Release|Any CPU
		{88E3AC98-DE3E-3D95-5526-B49AC3ACDDBC}.Release|Any CPU.Build.0 = Release|Any CPU
	EndGlobalSection
	GlobalSection(SolutionProperties) = preSolution
		HideSolutionNode = FALSE
	EndGlobalSection
													GlobalSection(MonoDevelopProperties) = preSolution
		StartupItem = Assembly-CSharp.csproj
		Policies = $0
		$0.TextStylePolicy = $1
		$1.inheritsSet = null
		$1.scope = text/x-csharp
		$0.CSharpFormattingPolicy = $2
		$2.inheritsSet = Mono
		$2.inheritsScope = text/x-csharp
		$2.scope = text/x-csharp
		$0.TextStylePolicy = $3
		$3.FileWidth = 120
		$3.TabWidth = 4
		$3.IndentWidth = 4
		$3.EolMarker = Unix
		$3.inheritsSet = Mono
		$3.inheritsScope = text/plain
		$3.scope = text/plain
	EndGlobalSection
EndGlobal
